# THIS IS AN AUTOGENERATED FILE. DO NOT EDIT THIS FILE DIRECTLY.
# yarn lockfile v1


bootstrap@^4.0.0-beta.2:
  version "4.0.0-beta.2"
  resolved "https://registry.yarnpkg.com/bootstrap/-/bootstrap-4.0.0-beta.2.tgz#4d67d2aa2219f062cd90bc1247e6747b9e8fd051"

jquery@1.9.1:
  version "1.9.1"
  resolved "https://registry.yarnpkg.com/jquery/-/jquery-1.9.1.tgz#e4cd4835faaefbade535857613c0fc3ff2adaf34"
